
Microsoft Visual Studio Solution File, Format Version 12.00
# Visual Studio 15
VisualStudioVersion = 15.0.27130.2027
MinimumVisualStudioVersion = 10.0.40219.1
Project("{8BC9CEB8-8B4A-11D0-8D11-00A0C91BC942}") = "ConsoleApplication1", "ConsoleApplication1\ConsoleApplication1.vcxproj", "{7BD79CDD-4253-43DC-ACE9-90D3B70374CB}"
EndProject
Global
	GlobalSection(SolutionConfigurationPlatforms) = preSolution
		Debug|x64 = Debug|x64
		Debug|x86 = Debug|x86
		Release|x64 = Release|x64
		Release|x86 = Release|x86
	EndGlobalSection
	GlobalSection(ProjectConfigurationPlatforms) = postSolution
		{7BD79CDD-4253-43DC-ACE9-90D3B70374CB}.Debug|x64.ActiveCfg = Debug|x64
		{7BD79CDD-4253-43DC-ACE9-90D3B70374CB}.Debug|x64.Build.0 = Debug|x64
		{7BD79CDD-4253-43DC-ACE9-90D3B70374CB}.Debug|x86.ActiveCfg = Debug|Win32
		{7BD79CDD-4253-43DC-ACE9-90D3B70374CB}.Debug|x86.Build.0 = Debug|Win32
		{7BD79CDD-4253-43DC-ACE9-90D3B70374CB}.Release|x64.ActiveCfg = Release|x64
		{7BD79CDD-4253-43DC-ACE9-90D3B70374CB}.Release|x64.Build.0 = Release|x64
		{7BD79CDD-4253-43DC-ACE9-90D3B70374CB}.Release|x86.ActiveCfg = Release|Win32
		{7BD79CDD-4253-43DC-ACE9-90D3B70374CB}.Release|x86.Build.0 = Release|Win32
	EndGlobalSection
	GlobalSection(SolutionProperties) = preSolution
		HideSolutionNode = FALSE
	EndGlobalSection
	GlobalSection(ExtensibilityGlobals) = postSolution
		SolutionGuid = {1F6DE18B-09D6-4779-8171-0B3160B9583D}
	EndGlobalSection
EndGlobal
